
Microsoft Visual Studio Solution File, Format Version 12.00
# Visual Studio 15
VisualStudioVersion = 15.0.27130.2003
MinimumVisualStudioVersion = 10.0.40219.1
Project("{8BC9CEB8-8B4A-11D0-8D11-00A0C91BC942}") = "ouyou4-4", "ouyou4-4\ouyou4-4.vcxproj", "{84AE3198-47DB-4C79-AA19-E3A063691D24}"
EndProject
Global
	GlobalSection(SolutionConfigurationPlatforms) = preSolution
		Debug|x64 = Debug|x64
		Debug|x86 = Debug|x86
		Release|x64 = Release|x64
		Release|x86 = Release|x86
	EndGlobalSection
	GlobalSection(ProjectConfigurationPlatforms) = postSolution
		{84AE3198-47DB-4C79-AA19-E3A063691D24}.Debug|x64.ActiveCfg = Debug|x64
		{84AE3198-47DB-4C79-AA19-E3A063691D24}.Debug|x64.Build.0 = Debug|x64
		{84AE3198-47DB-4C79-AA19-E3A063691D24}.Debug|x86.ActiveCfg = Debug|Win32
		{84AE3198-47DB-4C79-AA19-E3A063691D24}.Debug|x86.Build.0 = Debug|Win32
		{84AE3198-47DB-4C79-AA19-E3A063691D24}.Release|x64.ActiveCfg = Release|x64
		{84AE3198-47DB-4C79-AA19-E3A063691D24}.Release|x64.Build.0 = Release|x64
		{84AE3198-47DB-4C79-AA19-E3A063691D24}.Release|x86.ActiveCfg = Release|Win32
		{84AE3198-47DB-4C79-AA19-E3A063691D24}.Release|x86.Build.0 = Release|Win32
	EndGlobalSection
	GlobalSection(SolutionProperties) = preSolution
		HideSolutionNode = FALSE
	EndGlobalSection
	GlobalSection(ExtensibilityGlobals) = postSolution
		SolutionGuid = {763D8168-FA11-4117-B9AD-2194491BD17D}
	EndGlobalSection
EndGlobal
