
Microsoft Visual Studio Solution File, Format Version 12.00
# Visual Studio 15
VisualStudioVersion = 15.0.27130.2003
MinimumVisualStudioVersion = 10.0.40219.1
Project("{8BC9CEB8-8B4A-11D0-8D11-00A0C91BC942}") = "ouyou2", "ouyou2\ouyou2.vcxproj", "{DF21B3EA-AE65-4ACD-9DA2-EBC38C7F3C22}"
EndProject
Global
	GlobalSection(SolutionConfigurationPlatforms) = preSolution
		Debug|x64 = Debug|x64
		Debug|x86 = Debug|x86
		Release|x64 = Release|x64
		Release|x86 = Release|x86
	EndGlobalSection
	GlobalSection(ProjectConfigurationPlatforms) = postSolution
		{DF21B3EA-AE65-4ACD-9DA2-EBC38C7F3C22}.Debug|x64.ActiveCfg = Debug|x64
		{DF21B3EA-AE65-4ACD-9DA2-EBC38C7F3C22}.Debug|x64.Build.0 = Debug|x64
		{DF21B3EA-AE65-4ACD-9DA2-EBC38C7F3C22}.Debug|x86.ActiveCfg = Debug|Win32
		{DF21B3EA-AE65-4ACD-9DA2-EBC38C7F3C22}.Debug|x86.Build.0 = Debug|Win32
		{DF21B3EA-AE65-4ACD-9DA2-EBC38C7F3C22}.Release|x64.ActiveCfg = Release|x64
		{DF21B3EA-AE65-4ACD-9DA2-EBC38C7F3C22}.Release|x64.Build.0 = Release|x64
		{DF21B3EA-AE65-4ACD-9DA2-EBC38C7F3C22}.Release|x86.ActiveCfg = Release|Win32
		{DF21B3EA-AE65-4ACD-9DA2-EBC38C7F3C22}.Release|x86.Build.0 = Release|Win32
	EndGlobalSection
	GlobalSection(SolutionProperties) = preSolution
		HideSolutionNode = FALSE
	EndGlobalSection
	GlobalSection(ExtensibilityGlobals) = postSolution
		SolutionGuid = {90FE555A-EBAE-48B5-B666-8F60346004B1}
	EndGlobalSection
EndGlobal
