
Microsoft Visual Studio Solution File, Format Version 12.00
# Visual Studio 15
VisualStudioVersion = 15.0.27130.2003
MinimumVisualStudioVersion = 10.0.40219.1
Project("{8BC9CEB8-8B4A-11D0-8D11-00A0C91BC942}") = "kihonmondai5-2", "kihonmondai5-2\kihonmondai5-2.vcxproj", "{822569F4-E0E8-498A-8BA7-D5F0F9A31676}"
EndProject
Global
	GlobalSection(SolutionConfigurationPlatforms) = preSolution
		Debug|x64 = Debug|x64
		Debug|x86 = Debug|x86
		Release|x64 = Release|x64
		Release|x86 = Release|x86
	EndGlobalSection
	GlobalSection(ProjectConfigurationPlatforms) = postSolution
		{822569F4-E0E8-498A-8BA7-D5F0F9A31676}.Debug|x64.ActiveCfg = Debug|x64
		{822569F4-E0E8-498A-8BA7-D5F0F9A31676}.Debug|x64.Build.0 = Debug|x64
		{822569F4-E0E8-498A-8BA7-D5F0F9A31676}.Debug|x86.ActiveCfg = Debug|Win32
		{822569F4-E0E8-498A-8BA7-D5F0F9A31676}.Debug|x86.Build.0 = Debug|Win32
		{822569F4-E0E8-498A-8BA7-D5F0F9A31676}.Release|x64.ActiveCfg = Release|x64
		{822569F4-E0E8-498A-8BA7-D5F0F9A31676}.Release|x64.Build.0 = Release|x64
		{822569F4-E0E8-498A-8BA7-D5F0F9A31676}.Release|x86.ActiveCfg = Release|Win32
		{822569F4-E0E8-498A-8BA7-D5F0F9A31676}.Release|x86.Build.0 = Release|Win32
	EndGlobalSection
	GlobalSection(SolutionProperties) = preSolution
		HideSolutionNode = FALSE
	EndGlobalSection
	GlobalSection(ExtensibilityGlobals) = postSolution
		SolutionGuid = {EE1D5322-A573-41A8-9589-BC3CB8D7D906}
	EndGlobalSection
EndGlobal
